
Microsoft Visual Studio Solution File, Format Version 12.00
# Visual Studio Version 16
VisualStudioVersion = 16.0.30002.166
MinimumVisualStudioVersion = 10.0.40219.1
Project("{FAE04EC0-301F-11D3-BF4B-00C04F79EFBC}") = "DatingApp", "DatingApp\DatingApp.csproj", "{255E9910-EEDA-4D99-834A-08290640BF5B}"
EndProject
Global
	GlobalSection(SolutionConfigurationPlatforms) = preSolution
		Debug|Any CPU = Debug|Any CPU
		Release|Any CPU = Release|Any CPU
	EndGlobalSection
	GlobalSection(ProjectConfigurationPlatforms) = postSolution
		{255E9910-EEDA-4D99-834A-08290640BF5B}.Debug|Any CPU.ActiveCfg = Debug|Any CPU
		{255E9910-EEDA-4D99-834A-08290640BF5B}.Debug|Any CPU.Build.0 = Debug|Any CPU
		{255E9910-EEDA-4D99-834A-08290640BF5B}.Release|Any CPU.ActiveCfg = Release|Any CPU
		{255E9910-EEDA-4D99-834A-08290640BF5B}.Release|Any CPU.Build.0 = Release|Any CPU
	EndGlobalSection
	GlobalSection(SolutionProperties) = preSolution
		HideSolutionNode = FALSE
	EndGlobalSection
	GlobalSection(ExtensibilityGlobals) = postSolution
		SolutionGuid = {EC8306B4-C503-4F72-8CE9-0F3140F019A8}
	EndGlobalSection
EndGlobal
